// !$*UTF8*$!
{
	archiveVersion = 1;
	classes = {
	};
	objectVersion = 56;
	objects = {

/* Begin PBXBuildFile section */
		232C99672ACDAA630002CB31 /* SampleMigretionCoreDataApp.swift in Sources */ = {isa = PBXBuildFile; fileRef = 232C99662ACDAA630002CB31 /* SampleMigretionCoreDataApp.swift */; };
		232C99692ACDAA630002CB31 /* ContentView.swift in Sources */ = {isa = PBXBuildFile; fileRef = 232C99682ACDAA630002CB31 /* ContentView.swift */; };
		232C996B2ACDAA650002CB31 /* Assets.xcassets in Resources */ = {isa = PBXBuildFile; fileRef = 232C996A2ACDAA650002CB31 /* Assets.xcassets */; };
		232C996E2ACDAA650002CB31 /* Preview Assets.xcassets in Resources */ = {isa = PBXBuildFile; fileRef = 232C996D2ACDAA650002CB31 /* Preview Assets.xcassets */; };
		232C99702ACDAA650002CB31 /* Persistence.swift in Sources */ = {isa = PBXBuildFile; fileRef = 232C996F2ACDAA650002CB31 /* Persistence.swift */; };
		232C99732ACDAA650002CB31 /* SampleMigretionCoreData.xcdatamodeld in Sources */ = {isa = PBXBuildFile; fileRef = 232C99712ACDAA650002CB31 /* SampleMigretionCoreData.xcdatamodeld */; };
		232C997D2ACDAA650002CB31 /* SampleMigretionCoreDataTests.swift in Sources */ = {isa = PBXBuildFile; fileRef = 232C997C2ACDAA650002CB31 /* SampleMigretionCoreDataTests.swift */; };
		232C99872ACDAA650002CB31 /* SampleMigretionCoreDataUITests.swift in Sources */ = {isa = PBXBuildFile; fileRef = 232C99862ACDAA650002CB31 /* SampleMigretionCoreDataUITests.swift */; };
		232C99892ACDAA650002CB31 /* SampleMigretionCoreDataUITestsLaunchTests.swift in Sources */ = {isa = PBXBuildFile; fileRef = 232C99882ACDAA650002CB31 /* SampleMigretionCoreDataUITestsLaunchTests.swift */; };
/* End PBXBuildFile section */

/* Begin PBXContainerItemProxy section */
		232C99792ACDAA650002CB31 /* PBXContainerItemProxy */ = {
			isa = PBXContainerItemProxy;
			containerPortal = 232C995B2ACDAA630002CB31 /* Project object */;
			proxyType = 1;
			remoteGlobalIDString = 232C99622ACDAA630002CB31;
			remoteInfo = SampleMigretionCoreData;
		};
		232C99832ACDAA650002CB31 /* PBXContainerItemProxy */ = {
			isa = PBXContainerItemProxy;
			containerPortal = 232C995B2ACDAA630002CB31 /* Project object */;
			proxyType = 1;
			remoteGlobalIDString = 232C99622ACDAA630002CB31;
			remoteInfo = SampleMigretionCoreData;
		};
/* End PBXContainerItemProxy section */

/* Begin PBXFileReference section */
		232C99632ACDAA630002CB31 /* SampleMigretionCoreData.app */ = {isa = PBXFileReference; explicitFileType = wrapper.application; includeInIndex = 0; path = SampleMigretionCoreData.app; sourceTree = BUILT_PRODUCTS_DIR; };
		232C99662ACDAA630002CB31 /* SampleMigretionCoreDataApp.swift */ = {isa = PBXFileReference; lastKnownFileType = sourcecode.swift; path = SampleMigretionCoreDataApp.swift; sourceTree = "<group>"; };
		232C99682ACDAA630002CB31 /* ContentView.swift */ = {isa = PBXFileReference; lastKnownFileType = sourcecode.swift; path = ContentView.swift; sourceTree = "<group>"; };
		232C996A2ACDAA650002CB31 /* Assets.xcassets */ = {isa = PBXFileReference; lastKnownFileType = folder.assetcatalog; path = Assets.xcassets; sourceTree = "<group>"; };
		232C996D2ACDAA650002CB31 /* Preview Assets.xcassets */ = {isa = PBXFileReference; lastKnownFileType = folder.assetcatalog; path = "Preview Assets.xcassets"; sourceTree = "<group>"; };
		232C996F2ACDAA650002CB31 /* Persistence.swift */ = {isa = PBXFileReference; lastKnownFileType = sourcecode.swift; path = Persistence.swift; sourceTree = "<group>"; };
		232C99722ACDAA650002CB31 /* SampleMigretionCoreData.xcdatamodel */ = {isa = PBXFileReference; lastKnownFileType = wrapper.xcdatamodel; path = SampleMigretionCoreData.xcdatamodel; sourceTree = "<group>"; };
		232C99782ACDAA650002CB31 /* SampleMigretionCoreDataTests.xctest */ = {isa = PBXFileReference; explicitFileType = wrapper.cfbundle; includeInIndex = 0; path = SampleMigretionCoreDataTests.xctest; sourceTree = BUILT_PRODUCTS_DIR; };
		232C997C2ACDAA650002CB31 /* SampleMigretionCoreDataTests.swift */ = {isa = PBXFileReference; lastKnownFileType = sourcecode.swift; path = SampleMigretionCoreDataTests.swift; sourceTree = "<group>"; };
		232C99822ACDAA650002CB31 /* SampleMigretionCoreDataUITests.xctest */ = {isa = PBXFileReference; explicitFileType = wrapper.cfbundle; includeInIndex = 0; path = SampleMigretionCoreDataUITests.xctest; sourceTree = BUILT_PRODUCTS_DIR; };
		232C99862ACDAA650002CB31 /* SampleMigretionCoreDataUITests.swift */ = {isa = PBXFileReference; lastKnownFileType = sourcecode.swift; path = SampleMigretionCoreDataUITests.swift; sourceTree = "<group>"; };
		232C99882ACDAA650002CB31 /* SampleMigretionCoreDataUITestsLaunchTests.swift */ = {isa = PBXFileReference; lastKnownFileType = sourcecode.swift; path = SampleMigretionCoreDataUITestsLaunchTests.swift; sourceTree = "<group>"; };
/* End PBXFileReference section */

/* Begin PBXFrameworksBuildPhase section */
		232C99602ACDAA630002CB31 /* Frameworks */ = {
			isa = PBXFrameworksBuildPhase;
			buildActionMask = 2147483647;
			files = (
			);
			runOnlyForDeploymentPostprocessing = 0;
		};
		232C99752ACDAA650002CB31 /* Frameworks */ = {
			isa = PBXFrameworksBuildPhase;
			buildActionMask = 2147483647;
			files = (
			);
			runOnlyForDeploymentPostprocessing = 0;
		};
		232C997F2ACDAA650002CB31 /* Frameworks */ = {
			isa = PBXFrameworksBuildPhase;
			buildActionMask = 2147483647;
			files = (
			);
			runOnlyForDeploymentPostprocessing = 0;
		};
/* End PBXFrameworksBuildPhase section */

/* Begin PBXGroup section */
		232C995A2ACDAA630002CB31 = {
			isa = PBXGroup;
			children = (
				232C99652ACDAA630002CB31 /* SampleMigretionCoreData */,
				232C997B2ACDAA650002CB31 /* SampleMigretionCoreDataTests */,
				232C99852ACDAA650002CB31 /* SampleMigretionCoreDataUITests */,
				232C99642ACDAA630002CB31 /* Products */,
			);
			sourceTree = "<group>";
		};
		232C99642ACDAA630002CB31 /* Products */ = {
			isa = PBXGroup;
			children = (
				232C99632ACDAA630002CB31 /* SampleMigretionCoreData.app */,
				232C99782ACDAA650002CB31 /* SampleMigretionCoreDataTests.xctest */,
				232C99822ACDAA650002CB31 /* SampleMigretionCoreDataUITests.xctest */,
			);
			name = Products;
			sourceTree = "<group>";
		};
		232C99652ACDAA630002CB31 /* SampleMigretionCoreData */ = {
			isa = PBXGroup;
			children = (
				232C99662ACDAA630002CB31 /* SampleMigretionCoreDataApp.swift */,
				232C99682ACDAA630002CB31 /* ContentView.swift */,
				232C996A2ACDAA650002CB31 /* Assets.xcassets */,
				232C996F2ACDAA650002CB31 /* Persistence.swift */,
				232C99712ACDAA650002CB31 /* SampleMigretionCoreData.xcdatamodeld */,
				232C996C2ACDAA650002CB31 /* Preview Content */,
			);
			path = SampleMigretionCoreData;
			sourceTree = "<group>";
		};
		232C996C2ACDAA650002CB31 /* Preview Content */ = {
			isa = PBXGroup;
			children = (
				232C996D2ACDAA650002CB31 /* Preview Assets.xcassets */,
			);
			path = "Preview Content";
			sourceTree = "<group>";
		};
		232C997B2ACDAA650002CB31 /* SampleMigretionCoreDataTests */ = {
			isa = PBXGroup;
			children = (
				232C997C2ACDAA650002CB31 /* SampleMigretionCoreDataTests.swift */,
			);
			path = SampleMigretionCoreDataTests;
			sourceTree = "<group>";
		};
		232C99852ACDAA650002CB31 /* SampleMigretionCoreDataUITests */ = {
			isa = PBXGroup;
			children = (
				232C99862ACDAA650002CB31 /* SampleMigretionCoreDataUITests.swift */,
				232C99882ACDAA650002CB31 /* SampleMigretionCoreDataUITestsLaunchTests.swift */,
			);
			path = SampleMigretionCoreDataUITests;
			sourceTree = "<group>";
		};
/* End PBXGroup section */

/* Begin PBXNativeTarget section */
		232C99622ACDAA630002CB31 /* SampleMigretionCoreData */ = {
			isa = PBXNativeTarget;
			buildConfigurationList = 232C998C2ACDAA650002CB31 /* Build configuration list for PBXNativeTarget "SampleMigretionCoreData" */;
			buildPhases = (
				232C995F2ACDAA630002CB31 /* Sources */,
				232C99602ACDAA630002CB31 /* Frameworks */,
				232C99612ACDAA630002CB31 /* Resources */,
			);
			buildRules = (
			);
			dependencies = (
			);
			name = SampleMigretionCoreData;
			productName = SampleMigretionCoreData;
			productReference = 232C99632ACDAA630002CB31 /* SampleMigretionCoreData.app */;
			productType = "com.apple.product-type.application";
		};
		232C99772ACDAA650002CB31 /* SampleMigretionCoreDataTests */ = {
			isa = PBXNativeTarget;
			buildConfigurationList = 232C998F2ACDAA650002CB31 /* Build configuration list for PBXNativeTarget "SampleMigretionCoreDataTests" */;
			buildPhases = (
				232C99742ACDAA650002CB31 /* Sources */,
				232C99752ACDAA650002CB31 /* Frameworks */,
				232C99762ACDAA650002CB31 /* Resources */,
			);
			buildRules = (
			);
			dependencies = (
				232C997A2ACDAA650002CB31 /* PBXTargetDependency */,
			);
			name = SampleMigretionCoreDataTests;
			productName = SampleMigretionCoreDataTests;
			productReference = 232C99782ACDAA650002CB31 /* SampleMigretionCoreDataTests.xctest */;
			productType = "com.apple.product-type.bundle.unit-test";
		};
		232C99812ACDAA650002CB31 /* SampleMigretionCoreDataUITests */ = {
			isa = PBXNativeTarget;
			buildConfigurationList = 232C99922ACDAA650002CB31 /* Build configuration list for PBXNativeTarget "SampleMigretionCoreDataUITests" */;
			buildPhases = (
				232C997E2ACDAA650002CB31 /* Sources */,
				232C997F2ACDAA650002CB31 /* Frameworks */,
				232C99802ACDAA650002CB31 /* Resources */,
			);
			buildRules = (
			);
			dependencies = (
				232C99842ACDAA650002CB31 /* PBXTargetDependency */,
			);
			name = SampleMigretionCoreDataUITests;
			productName = SampleMigretionCoreDataUITests;
			productReference = 232C99822ACDAA650002CB31 /* SampleMigretionCoreDataUITests.xctest */;
			productType = "com.apple.product-type.bundle.ui-testing";
		};
/* End PBXNativeTarget section */

/* Begin PBXProject section */
		232C995B2ACDAA630002CB31 /* Project object */ = {
			isa = PBXProject;
			attributes = {
				BuildIndependentTargetsInParallel = 1;
				LastSwiftUpdateCheck = 1430;
				LastUpgradeCheck = 1430;
				TargetAttributes = {
					232C99622ACDAA630002CB31 = {
						CreatedOnToolsVersion = 14.3.1;
					};
					232C99772ACDAA650002CB31 = {
						CreatedOnToolsVersion = 14.3.1;
						TestTargetID = 232C99622ACDAA630002CB31;
					};
					232C99812ACDAA650002CB31 = {
						CreatedOnToolsVersion = 14.3.1;
						TestTargetID = 232C99622ACDAA630002CB31;
					};
				};
			};
			buildConfigurationList = 232C995E2ACDAA630002CB31 /* Build configuration list for PBXProject "SampleMigretionCoreData" */;
			compatibilityVersion = "Xcode 14.0";
			developmentRegion = en;
			hasScannedForEncodings = 0;
			knownRegions = (
				en,
				Base,
			);
			mainGroup = 232C995A2ACDAA630002CB31;
			productRefGroup = 232C99642ACDAA630002CB31 /* Products */;
			projectDirPath = "";
			projectRoot = "";
			targets = (
				232C99622ACDAA630002CB31 /* SampleMigretionCoreData */,
				232C99772ACDAA650002CB31 /* SampleMigretionCoreDataTests */,
				232C99812ACDAA650002CB31 /* SampleMigretionCoreDataUITests */,
			);
		};
/* End PBXProject section */

/* Begin PBXResourcesBuildPhase section */
		232C99612ACDAA630002CB31 /* Resources */ = {
			isa = PBXResourcesBuildPhase;
			buildActionMask = 2147483647;
			files = (
				232C996E2ACDAA650002CB31 /* Preview Assets.xcassets in Resources */,
				232C996B2ACDAA650002CB31 /* Assets.xcassets in Resources */,
			);
			runOnlyForDeploymentPostprocessing = 0;
		};
		232C99762ACDAA650002CB31 /* Resources */ = {
			isa = PBXResourcesBuildPhase;
			buildActionMask = 2147483647;
			files = (
			);
			runOnlyForDeploymentPostprocessing = 0;
		};
		232C99802ACDAA650002CB31 /* Resources */ = {
			isa = PBXResourcesBuildPhase;
			buildActionMask = 2147483647;
			files = (
			);
			runOnlyForDeploymentPostprocessing = 0;
		};
/* End PBXResourcesBuildPhase section */

/* Begin PBXSourcesBuildPhase section */
		232C995F2ACDAA630002CB31 /* Sources */ = {
			isa = PBXSourcesBuildPhase;
			buildActionMask = 2147483647;
			files = (
				232C99702ACDAA650002CB31 /* Persistence.swift in Sources */,
				232C99692ACDAA630002CB31 /* ContentView.swift in Sources */,
				232C99672ACDAA630002CB31 /* SampleMigretionCoreDataApp.swift in Sources */,
				232C99732ACDAA650002CB31 /* SampleMigretionCoreData.xcdatamodeld in Sources */,
			);
			runOnlyForDeploymentPostprocessing = 0;
		};
		232C99742ACDAA650002CB31 /* Sources */ = {
			isa = PBXSourcesBuildPhase;
			buildActionMask = 2147483647;
			files = (
				232C997D2ACDAA650002CB31 /* SampleMigretionCoreDataTests.swift in Sources */,
			);
			runOnlyForDeploymentPostprocessing = 0;
		};
		232C997E2ACDAA650002CB31 /* Sources */ = {
			isa = PBXSourcesBuildPhase;
			buildActionMask = 2147483647;
			files = (
				232C99892ACDAA650002CB31 /* SampleMigretionCoreDataUITestsLaunchTests.swift in Sources */,
				232C99872ACDAA650002CB31 /* SampleMigretionCoreDataUITests.swift in Sources */,
			);
			runOnlyForDeploymentPostprocessing = 0;
		};
/* End PBXSourcesBuildPhase section */

/* Begin PBXTargetDependency section */
		232C997A2ACDAA650002CB31 /* PBXTargetDependency */ = {
			isa = PBXTargetDependency;
			target = 232C99622ACDAA630002CB31 /* SampleMigretionCoreData */;
			targetProxy = 232C99792ACDAA650002CB31 /* PBXContainerItemProxy */;
		};
		232C99842ACDAA650002CB31 /* PBXTargetDependency */ = {
			isa = PBXTargetDependency;
			target = 232C99622ACDAA630002CB31 /* SampleMigretionCoreData */;
			targetProxy = 232C99832ACDAA650002CB31 /* PBXContainerItemProxy */;
		};
/* End PBXTargetDependency section */

/* Begin XCBuildConfiguration section */
		232C998A2ACDAA650002CB31 /* Debug */ = {
			isa = XCBuildConfiguration;
			buildSettings = {
				ALWAYS_SEARCH_USER_PATHS = NO;
				CLANG_ANALYZER_NONNULL = YES;
				CLANG_ANALYZER_NUMBER_OBJECT_CONVERSION = YES_AGGRESSIVE;
				CLANG_CXX_LANGUAGE_STANDARD = "gnu++20";
				CLANG_ENABLE_MODULES = YES;
				CLANG_ENABLE_OBJC_ARC = YES;
				CLANG_ENABLE_OBJC_WEAK = YES;
				CLANG_WARN_BLOCK_CAPTURE_AUTORELEASING = YES;
				CLANG_WARN_BOOL_CONVERSION = YES;
				CLANG_WARN_COMMA = YES;
				CLANG_WARN_CONSTANT_CONVERSION = YES;
				CLANG_WARN_DEPRECATED_OBJC_IMPLEMENTATIONS = YES;
				CLANG_WARN_DIRECT_OBJC_ISA_USAGE = YES_ERROR;
				CLANG_WARN_DOCUMENTATION_COMMENTS = YES;
				CLANG_WARN_EMPTY_BODY = YES;
				CLANG_WARN_ENUM_CONVERSION = YES;
				CLANG_WARN_INFINITE_RECURSION = YES;
				CLANG_WARN_INT_CONVERSION = YES;
				CLANG_WARN_NON_LITERAL_NULL_CONVERSION = YES;
				CLANG_WARN_OBJC_IMPLICIT_RETAIN_SELF = YES;
				CLANG_WARN_OBJC_LITERAL_CONVERSION = YES;
				CLANG_WARN_OBJC_ROOT_CLASS = YES_ERROR;
				CLANG_WARN_QUOTED_INCLUDE_IN_FRAMEWORK_HEADER = YES;
				CLANG_WARN_RANGE_LOOP_ANALYSIS = YES;
				CLANG_WARN_STRICT_PROTOTYPES = YES;
				CLANG_WARN_SUSPICIOUS_MOVE = YES;
				CLANG_WARN_UNGUARDED_AVAILABILITY = YES_AGGRESSIVE;
				CLANG_WARN_UNREACHABLE_CODE = YES;
				CLANG_WARN__DUPLICATE_METHOD_MATCH = YES;
				COPY_PHASE_STRIP = NO;
				DEBUG_INFORMATION_FORMAT = dwarf;
				ENABLE_STRICT_OBJC_MSGSEND = YES;
				ENABLE_TESTABILITY = YES;
				GCC_C_LANGUAGE_STANDARD = gnu11;
				GCC_DYNAMIC_NO_PIC = NO;
				GCC_NO_COMMON_BLOCKS = YES;
				GCC_OPTIMIZATION_LEVEL = 0;
				GCC_PREPROCESSOR_DEFINITIONS = (
					"DEBUG=1",
					"$(inherited)",
				);
				GCC_WARN_64_TO_32_BIT_CONVERSION = YES;
				GCC_WARN_ABOUT_RETURN_TYPE = YES_ERROR;
				GCC_WARN_UNDECLARED_SELECTOR = YES;
				GCC_WARN_UNINITIALIZED_AUTOS = YES_AGGRESSIVE;
				GCC_WARN_UNUSED_FUNCTION = YES;
				GCC_WARN_UNUSED_VARIABLE = YES;
				IPHONEOS_DEPLOYMENT_TARGET = 16.4;
				MTL_ENABLE_DEBUG_INFO = INCLUDE_SOURCE;
				MTL_FAST_MATH = YES;
				ONLY_ACTIVE_ARCH = YES;
				SDKROOT = iphoneos;
				SWIFT_ACTIVE_COMPILATION_CONDITIONS = DEBUG;
				SWIFT_OPTIMIZATION_LEVEL = "-Onone";
			};
			name = Debug;
		};
		232C998B2ACDAA650002CB31 /* Release */ = {
			isa = XCBuildConfiguration;
			buildSettings = {
				ALWAYS_SEARCH_USER_PATHS = NO;
				CLANG_ANALYZER_NONNULL = YES;
				CLANG_ANALYZER_NUMBER_OBJECT_CONVERSION = YES_AGGRESSIVE;
				CLANG_CXX_LANGUAGE_STANDARD = "gnu++20";
				CLANG_ENABLE_MODULES = YES;
				CLANG_ENABLE_OBJC_ARC = YES;
				CLANG_ENABLE_OBJC_WEAK = YES;
				CLANG_WARN_BLOCK_CAPTURE_AUTORELEASING = YES;
				CLANG_WARN_BOOL_CONVERSION = YES;
				CLANG_WARN_COMMA = YES;
				CLANG_WARN_CONSTANT_CONVERSION = YES;
				CLANG_WARN_DEPRECATED_OBJC_IMPLEMENTATIONS = YES;
				CLANG_WARN_DIRECT_OBJC_ISA_USAGE = YES_ERROR;
				CLANG_WARN_DOCUMENTATION_COMMENTS = YES;
				CLANG_WARN_EMPTY_BODY = YES;
				CLANG_WARN_ENUM_CONVERSION = YES;
				CLANG_WARN_INFINITE_RECURSION = YES;
				CLANG_WARN_INT_CONVERSION = YES;
				CLANG_WARN_NON_LITERAL_NULL_CONVERSION = YES;
				CLANG_WARN_OBJC_IMPLICIT_RETAIN_SELF = YES;
				CLANG_WARN_OBJC_LITERAL_CONVERSION = YES;
				CLANG_WARN_OBJC_ROOT_CLASS = YES_ERROR;
				CLANG_WARN_QUOTED_INCLUDE_IN_FRAMEWORK_HEADER = YES;
				CLANG_WARN_RANGE_LOOP_ANALYSIS = YES;
				CLANG_WARN_STRICT_PROTOTYPES = YES;
				CLANG_WARN_SUSPICIOUS_MOVE = YES;
				CLANG_WARN_UNGUARDED_AVAILABILITY = YES_AGGRESSIVE;
				CLANG_WARN_UNREACHABLE_CODE = YES;
				CLANG_WARN__DUPLICATE_METHOD_MATCH = YES;
				COPY_PHASE_STRIP = NO;
				DEBUG_INFORMATION_FORMAT = "dwarf-with-dsym";
				ENABLE_NS_ASSERTIONS = NO;
				ENABLE_STRICT_OBJC_MSGSEND = YES;
				GCC_C_LANGUAGE_STANDARD = gnu11;
				GCC_NO_COMMON_BLOCKS = YES;
				GCC_WARN_64_TO_32_BIT_CONVERSION = YES;
				GCC_WARN_ABOUT_RETURN_TYPE = YES_ERROR;
				GCC_WARN_UNDECLARED_SELECTOR = YES;
				GCC_WARN_UNINITIALIZED_AUTOS = YES_AGGRESSIVE;
				GCC_WARN_UNUSED_FUNCTION = YES;
				GCC_WARN_UNUSED_VARIABLE = YES;
				IPHONEOS_DEPLOYMENT_TARGET = 16.4;
				MTL_ENABLE_DEBUG_INFO = NO;
				MTL_FAST_MATH = YES;
				SDKROOT = iphoneos;
				SWIFT_COMPILATION_MODE = wholemodule;
				SWIFT_OPTIMIZATION_LEVEL = "-O";
				VALIDATE_PRODUCT = YES;
			};
			name = Release;
		};
		232C998D2ACDAA650002CB31 /* Debug */ = {
			isa = XCBuildConfiguration;
			buildSettings = {
				ASSETCATALOG_COMPILER_APPICON_NAME = AppIcon;
				ASSETCATALOG_COMPILER_GLOBAL_ACCENT_COLOR_NAME = AccentColor;
				CODE_SIGN_STYLE = Automatic;
				CURRENT_PROJECT_VERSION = 1;
				DEVELOPMENT_ASSET_PATHS = "\"SampleMigretionCoreData/Preview Content\"";
				DEVELOPMENT_TEAM = 3YQX667AM4;
				ENABLE_PREVIEWS = YES;
				GENERATE_INFOPLIST_FILE = YES;
				INFOPLIST_KEY_UIApplicationSceneManifest_Generation = YES;
				INFOPLIST_KEY_UIApplicationSupportsIndirectInputEvents = YES;
				INFOPLIST_KEY_UILaunchScreen_Generation = YES;
				INFOPLIST_KEY_UISupportedInterfaceOrientations_iPad = "UIInterfaceOrientationPortrait UIInterfaceOrientationPortraitUpsideDown UIInterfaceOrientationLandscapeLeft UIInterfaceOrientationLandscapeRight";
				INFOPLIST_KEY_UISupportedInterfaceOrientations_iPhone = "UIInterfaceOrientationPortrait UIInterfaceOrientationLandscapeLeft UIInterfaceOrientationLandscapeRight";
				LD_RUNPATH_SEARCH_PATHS = (
					"$(inherited)",
					"@executable_path/Frameworks",
				);
				MARKETING_VERSION = 1.0;
				PRODUCT_BUNDLE_IDENTIFIER = com.musictheater.SampleMigretionCoreData;
				PRODUCT_NAME = "$(TARGET_NAME)";
				SWIFT_EMIT_LOC_STRINGS = YES;
				SWIFT_VERSION = 5.0;
				TARGETED_DEVICE_FAMILY = "1,2";
			};
			name = Debug;
		};
		232C998E2ACDAA650002CB31 /* Release */ = {
			isa = XCBuildConfiguration;
			buildSettings = {
				ASSETCATALOG_COMPILER_APPICON_NAME = AppIcon;
				ASSETCATALOG_COMPILER_GLOBAL_ACCENT_COLOR_NAME = AccentColor;
				CODE_SIGN_STYLE = Automatic;
				CURRENT_PROJECT_VERSION = 1;
				DEVELOPMENT_ASSET_PATHS = "\"SampleMigretionCoreData/Preview Content\"";
				DEVELOPMENT_TEAM = 3YQX667AM4;
				ENABLE_PREVIEWS = YES;
				GENERATE_INFOPLIST_FILE = YES;
				INFOPLIST_KEY_UIApplicationSceneManifest_Generation = YES;
				INFOPLIST_KEY_UIApplicationSupportsIndirectInputEvents = YES;
				INFOPLIST_KEY_UILaunchScreen_Generation = YES;
				INFOPLIST_KEY_UISupportedInterfaceOrientations_iPad = "UIInterfaceOrientationPortrait UIInterfaceOrientationPortraitUpsideDown UIInterfaceOrientationLandscapeLeft UIInterfaceOrientationLandscapeRight";
				INFOPLIST_KEY_UISupportedInterfaceOrientations_iPhone = "UIInterfaceOrientationPortrait UIInterfaceOrientationLandscapeLeft UIInterfaceOrientationLandscapeRight";
				LD_RUNPATH_SEARCH_PATHS = (
					"$(inherited)",
					"@executable_path/Frameworks",
				);
				MARKETING_VERSION = 1.0;
				PRODUCT_BUNDLE_IDENTIFIER = com.musictheater.SampleMigretionCoreData;
				PRODUCT_NAME = "$(TARGET_NAME)";
				SWIFT_EMIT_LOC_STRINGS = YES;
				SWIFT_VERSION = 5.0;
				TARGETED_DEVICE_FAMILY = "1,2";
			};
			name = Release;
		};
		232C99902ACDAA650002CB31 /* Debug */ = {
			isa = XCBuildConfiguration;
			buildSettings = {
				ALWAYS_EMBED_SWIFT_STANDARD_LIBRARIES = YES;
				BUNDLE_LOADER = "$(TEST_HOST)";
				CODE_SIGN_STYLE = Automatic;
				CURRENT_PROJECT_VERSION = 1;
				DEVELOPMENT_TEAM = 3YQX667AM4;
				GENERATE_INFOPLIST_FILE = YES;
				IPHONEOS_DEPLOYMENT_TARGET = 16.4;
				MARKETING_VERSION = 1.0;
				PRODUCT_BUNDLE_IDENTIFIER = com.musictheater.SampleMigretionCoreDataTests;
				PRODUCT_NAME = "$(TARGET_NAME)";
				SWIFT_EMIT_LOC_STRINGS = NO;
				SWIFT_VERSION = 5.0;
				TARGETED_DEVICE_FAMILY = "1,2";
				TEST_HOST = "$(BUILT_PRODUCTS_DIR)/SampleMigretionCoreData.app/$(BUNDLE_EXECUTABLE_FOLDER_PATH)/SampleMigretionCoreData";
			};
			name = Debug;
		};
		232C99912ACDAA650002CB31 /* Release */ = {
			isa = XCBuildConfiguration;
			buildSettings = {
				ALWAYS_EMBED_SWIFT_STANDARD_LIBRARIES = YES;
				BUNDLE_LOADER = "$(TEST_HOST)";
				CODE_SIGN_STYLE = Automatic;
				CURRENT_PROJECT_VERSION = 1;
				DEVELOPMENT_TEAM = 3YQX667AM4;
				GENERATE_INFOPLIST_FILE = YES;
				IPHONEOS_DEPLOYMENT_TARGET = 16.4;
				MARKETING_VERSION = 1.0;
				PRODUCT_BUNDLE_IDENTIFIER = com.musictheater.SampleMigretionCoreDataTests;
				PRODUCT_NAME = "$(TARGET_NAME)";
				SWIFT_EMIT_LOC_STRINGS = NO;
				SWIFT_VERSION = 5.0;
				TARGETED_DEVICE_FAMILY = "1,2";
				TEST_HOST = "$(BUILT_PRODUCTS_DIR)/SampleMigretionCoreData.app/$(BUNDLE_EXECUTABLE_FOLDER_PATH)/SampleMigretionCoreData";
			};
			name = Release;
		};
		232C99932ACDAA650002CB31 /* Debug */ = {
			isa = XCBuildConfiguration;
			buildSettings = {
				ALWAYS_EMBED_SWIFT_STANDARD_LIBRARIES = YES;
				CODE_SIGN_STYLE = Automatic;
				CURRENT_PROJECT_VERSION = 1;
				DEVELOPMENT_TEAM = 3YQX667AM4;
				GENERATE_INFOPLIST_FILE = YES;
				MARKETING_VERSION = 1.0;
				PRODUCT_BUNDLE_IDENTIFIER = com.musictheater.SampleMigretionCoreDataUITests;
				PRODUCT_NAME = "$(TARGET_NAME)";
				SWIFT_EMIT_LOC_STRINGS = NO;
				SWIFT_VERSION = 5.0;
				TARGETED_DEVICE_FAMILY = "1,2";
				TEST_TARGET_NAME = SampleMigretionCoreData;
			};
			name = Debug;
		};
		232C99942ACDAA650002CB31 /* Release */ = {
			isa = XCBuildConfiguration;
			buildSettings = {
				ALWAYS_EMBED_SWIFT_STANDARD_LIBRARIES = YES;
				CODE_SIGN_STYLE = Automatic;
				CURRENT_PROJECT_VERSION = 1;
				DEVELOPMENT_TEAM = 3YQX667AM4;
				GENERATE_INFOPLIST_FILE = YES;
				MARKETING_VERSION = 1.0;
				PRODUCT_BUNDLE_IDENTIFIER = com.musictheater.SampleMigretionCoreDataUITests;
				PRODUCT_NAME = "$(TARGET_NAME)";
				SWIFT_EMIT_LOC_STRINGS = NO;
				SWIFT_VERSION = 5.0;
				TARGETED_DEVICE_FAMILY = "1,2";
				TEST_TARGET_NAME = SampleMigretionCoreData;
			};
			name = Release;
		};
/* End XCBuildConfiguration section */

/* Begin XCConfigurationList section */
		232C995E2ACDAA630002CB31 /* Build configuration list for PBXProject "SampleMigretionCoreData" */ = {
			isa = XCConfigurationList;
			buildConfigurations = (
				232C998A2ACDAA650002CB31 /* Debug */,
				232C998B2ACDAA650002CB31 /* Release */,
			);
			defaultConfigurationIsVisible = 0;
			defaultConfigurationName = Release;
		};
		232C998C2ACDAA650002CB31 /* Build configuration list for PBXNativeTarget "SampleMigretionCoreData" */ = {
			isa = XCConfigurationList;
			buildConfigurations = (
				232C998D2ACDAA650002CB31 /* Debug */,
				232C998E2ACDAA650002CB31 /* Release */,
			);
			defaultConfigurationIsVisible = 0;
			defaultConfigurationName = Release;
		};
		232C998F2ACDAA650002CB31 /* Build configuration list for PBXNativeTarget "SampleMigretionCoreDataTests" */ = {
			isa = XCConfigurationList;
			buildConfigurations = (
				232C99902ACDAA650002CB31 /* Debug */,
				232C99912ACDAA650002CB31 /* Release */,
			);
			defaultConfigurationIsVisible = 0;
			defaultConfigurationName = Release;
		};
		232C99922ACDAA650002CB31 /* Build configuration list for PBXNativeTarget "SampleMigretionCoreDataUITests" */ = {
			isa = XCConfigurationList;
			buildConfigurations = (
				232C99932ACDAA650002CB31 /* Debug */,
				232C99942ACDAA650002CB31 /* Release */,
			);
			defaultConfigurationIsVisible = 0;
			defaultConfigurationName = Release;
		};
/* End XCConfigurationList section */

/* Begin XCVersionGroup section */
		232C99712ACDAA650002CB31 /* SampleMigretionCoreData.xcdatamodeld */ = {
			isa = XCVersionGroup;
			children = (
				232C99722ACDAA650002CB31 /* SampleMigretionCoreData.xcdatamodel */,
			);
			currentVersion = 232C99722ACDAA650002CB31 /* SampleMigretionCoreData.xcdatamodel */;
			path = SampleMigretionCoreData.xcdatamodeld;
			sourceTree = "<group>";
			versionGroupType = wrapper.xcdatamodel;
		};
/* End XCVersionGroup section */
	};
	rootObject = 232C995B2ACDAA630002CB31 /* Project object */;
}
